
Microsoft Visual Studio Solution File, Format Version 12.00
# Visual Studio Version 16
VisualStudioVersion = 16.6.30114.105
MinimumVisualStudioVersion = 10.0.40219.1
Project("{2150E333-8FDC-42A3-9474-1A3956D46DE8}") = "Arrays_and_Lists", "Arrays_and_Lists", "{C0FF3071-C992-480A-92EF-4DC63C1DC92B}"
EndProject
Project("{FAE04EC0-301F-11D3-BF4B-00C04F79EFBC}") = "Exercise1", "Arrays_and_Lists\Exercise1\Exercise1.csproj", "{5E5FF1D9-FF25-4B0E-AB80-B9497AACAEFC}"
EndProject
Project("{FAE04EC0-301F-11D3-BF4B-00C04F79EFBC}") = "Exercise2", "Arrays_and_Lists\Exercise2\Exercise2.csproj", "{AB366867-52B6-4333-892C-C9E747C6C455}"
EndProject
Project("{FAE04EC0-301F-11D3-BF4B-00C04F79EFBC}") = "Exercise3", "Arrays_and_Lists\Exercise3\Exercise3.csproj", "{E93A3BF4-2BE1-4517-9507-0956B7EAD179}"
EndProject
Project("{FAE04EC0-301F-11D3-BF4B-00C04F79EFBC}") = "Exercise4", "Arrays_and_Lists\Exercise4\Exercise4.csproj", "{57343CC5-8563-4663-B103-E861EDE116D7}"
EndProject
Project("{FAE04EC0-301F-11D3-BF4B-00C04F79EFBC}") = "Exercise5", "Arrays_and_Lists\Exercise5\Exercise5.csproj", "{A92FC684-0C35-430F-90F0-7066FE609A7C}"
EndProject
Global
	GlobalSection(SolutionConfigurationPlatforms) = preSolution
		Debug|Any CPU = Debug|Any CPU
		Debug|x64 = Debug|x64
		Debug|x86 = Debug|x86
		Release|Any CPU = Release|Any CPU
		Release|x64 = Release|x64
		Release|x86 = Release|x86
	EndGlobalSection
	GlobalSection(SolutionProperties) = preSolution
		HideSolutionNode = FALSE
	EndGlobalSection
	GlobalSection(ProjectConfigurationPlatforms) = postSolution
		{5E5FF1D9-FF25-4B0E-AB80-B9497AACAEFC}.Debug|Any CPU.ActiveCfg = Debug|Any CPU
		{5E5FF1D9-FF25-4B0E-AB80-B9497AACAEFC}.Debug|Any CPU.Build.0 = Debug|Any CPU
		{5E5FF1D9-FF25-4B0E-AB80-B9497AACAEFC}.Debug|x64.ActiveCfg = Debug|Any CPU
		{5E5FF1D9-FF25-4B0E-AB80-B9497AACAEFC}.Debug|x64.Build.0 = Debug|Any CPU
		{5E5FF1D9-FF25-4B0E-AB80-B9497AACAEFC}.Debug|x86.ActiveCfg = Debug|Any CPU
		{5E5FF1D9-FF25-4B0E-AB80-B9497AACAEFC}.Debug|x86.Build.0 = Debug|Any CPU
		{5E5FF1D9-FF25-4B0E-AB80-B9497AACAEFC}.Release|Any CPU.ActiveCfg = Release|Any CPU
		{5E5FF1D9-FF25-4B0E-AB80-B9497AACAEFC}.Release|Any CPU.Build.0 = Release|Any CPU
		{5E5FF1D9-FF25-4B0E-AB80-B9497AACAEFC}.Release|x64.ActiveCfg = Release|Any CPU
		{5E5FF1D9-FF25-4B0E-AB80-B9497AACAEFC}.Release|x64.Build.0 = Release|Any CPU
		{5E5FF1D9-FF25-4B0E-AB80-B9497AACAEFC}.Release|x86.ActiveCfg = Release|Any CPU
		{5E5FF1D9-FF25-4B0E-AB80-B9497AACAEFC}.Release|x86.Build.0 = Release|Any CPU
		{AB366867-52B6-4333-892C-C9E747C6C455}.Debug|Any CPU.ActiveCfg = Debug|Any CPU
		{AB366867-52B6-4333-892C-C9E747C6C455}.Debug|Any CPU.Build.0 = Debug|Any CPU
		{AB366867-52B6-4333-892C-C9E747C6C455}.Debug|x64.ActiveCfg = Debug|Any CPU
		{AB366867-52B6-4333-892C-C9E747C6C455}.Debug|x64.Build.0 = Debug|Any CPU
		{AB366867-52B6-4333-892C-C9E747C6C455}.Debug|x86.ActiveCfg = Debug|Any CPU
		{AB366867-52B6-4333-892C-C9E747C6C455}.Debug|x86.Build.0 = Debug|Any CPU
		{AB366867-52B6-4333-892C-C9E747C6C455}.Release|Any CPU.ActiveCfg = Release|Any CPU
		{AB366867-52B6-4333-892C-C9E747C6C455}.Release|Any CPU.Build.0 = Release|Any CPU
		{AB366867-52B6-4333-892C-C9E747C6C455}.Release|x64.ActiveCfg = Release|Any CPU
		{AB366867-52B6-4333-892C-C9E747C6C455}.Release|x64.Build.0 = Release|Any CPU
		{AB366867-52B6-4333-892C-C9E747C6C455}.Release|x86.ActiveCfg = Release|Any CPU
		{AB366867-52B6-4333-892C-C9E747C6C455}.Release|x86.Build.0 = Release|Any CPU
		{E93A3BF4-2BE1-4517-9507-0956B7EAD179}.Debug|Any CPU.ActiveCfg = Debug|Any CPU
		{E93A3BF4-2BE1-4517-9507-0956B7EAD179}.Debug|Any CPU.Build.0 = Debug|Any CPU
		{E93A3BF4-2BE1-4517-9507-0956B7EAD179}.Debug|x64.ActiveCfg = Debug|Any CPU
		{E93A3BF4-2BE1-4517-9507-0956B7EAD179}.Debug|x64.Build.0 = Debug|Any CPU
		{E93A3BF4-2BE1-4517-9507-0956B7EAD179}.Debug|x86.ActiveCfg = Debug|Any CPU
		{E93A3BF4-2BE1-4517-9507-0956B7EAD179}.Debug|x86.Build.0 = Debug|Any CPU
		{E93A3BF4-2BE1-4517-9507-0956B7EAD179}.Release|Any CPU.ActiveCfg = Release|Any CPU
		{E93A3BF4-2BE1-4517-9507-0956B7EAD179}.Release|Any CPU.Build.0 = Release|Any CPU
		{E93A3BF4-2BE1-4517-9507-0956B7EAD179}.Release|x64.ActiveCfg = Release|Any CPU
		{E93A3BF4-2BE1-4517-9507-0956B7EAD179}.Release|x64.Build.0 = Release|Any CPU
		{E93A3BF4-2BE1-4517-9507-0956B7EAD179}.Release|x86.ActiveCfg = Release|Any CPU
		{E93A3BF4-2BE1-4517-9507-0956B7EAD179}.Release|x86.Build.0 = Release|Any CPU
		{57343CC5-8563-4663-B103-E861EDE116D7}.Debug|Any CPU.ActiveCfg = Debug|Any CPU
		{57343CC5-8563-4663-B103-E861EDE116D7}.Debug|Any CPU.Build.0 = Debug|Any CPU
		{57343CC5-8563-4663-B103-E861EDE116D7}.Debug|x64.ActiveCfg = Debug|Any CPU
		{57343CC5-8563-4663-B103-E861EDE116D7}.Debug|x64.Build.0 = Debug|Any CPU
		{57343CC5-8563-4663-B103-E861EDE116D7}.Debug|x86.ActiveCfg = Debug|Any CPU
		{57343CC5-8563-4663-B103-E861EDE116D7}.Debug|x86.Build.0 = Debug|Any CPU
		{57343CC5-8563-4663-B103-E861EDE116D7}.Release|Any CPU.ActiveCfg = Release|Any CPU
		{57343CC5-8563-4663-B103-E861EDE116D7}.Release|Any CPU.Build.0 = Release|Any CPU
		{57343CC5-8563-4663-B103-E861EDE116D7}.Release|x64.ActiveCfg = Release|Any CPU
		{57343CC5-8563-4663-B103-E861EDE116D7}.Release|x64.Build.0 = Release|Any CPU
		{57343CC5-8563-4663-B103-E861EDE116D7}.Release|x86.ActiveCfg = Release|Any CPU
		{57343CC5-8563-4663-B103-E861EDE116D7}.Release|x86.Build.0 = Release|Any CPU
		{A92FC684-0C35-430F-90F0-7066FE609A7C}.Debug|Any CPU.ActiveCfg = Debug|Any CPU
		{A92FC684-0C35-430F-90F0-7066FE609A7C}.Debug|Any CPU.Build.0 = Debug|Any CPU
		{A92FC684-0C35-430F-90F0-7066FE609A7C}.Debug|x64.ActiveCfg = Debug|Any CPU
		{A92FC684-0C35-430F-90F0-7066FE609A7C}.Debug|x64.Build.0 = Debug|Any CPU
		{A92FC684-0C35-430F-90F0-7066FE609A7C}.Debug|x86.ActiveCfg = Debug|Any CPU
		{A92FC684-0C35-430F-90F0-7066FE609A7C}.Debug|x86.Build.0 = Debug|Any CPU
		{A92FC684-0C35-430F-90F0-7066FE609A7C}.Release|Any CPU.ActiveCfg = Release|Any CPU
		{A92FC684-0C35-430F-90F0-7066FE609A7C}.Release|Any CPU.Build.0 = Release|Any CPU
		{A92FC684-0C35-430F-90F0-7066FE609A7C}.Release|x64.ActiveCfg = Release|Any CPU
		{A92FC684-0C35-430F-90F0-7066FE609A7C}.Release|x64.Build.0 = Release|Any CPU
		{A92FC684-0C35-430F-90F0-7066FE609A7C}.Release|x86.ActiveCfg = Release|Any CPU
		{A92FC684-0C35-430F-90F0-7066FE609A7C}.Release|x86.Build.0 = Release|Any CPU
	EndGlobalSection
	GlobalSection(NestedProjects) = preSolution
		{5E5FF1D9-FF25-4B0E-AB80-B9497AACAEFC} = {C0FF3071-C992-480A-92EF-4DC63C1DC92B}
		{AB366867-52B6-4333-892C-C9E747C6C455} = {C0FF3071-C992-480A-92EF-4DC63C1DC92B}
		{E93A3BF4-2BE1-4517-9507-0956B7EAD179} = {C0FF3071-C992-480A-92EF-4DC63C1DC92B}
		{57343CC5-8563-4663-B103-E861EDE116D7} = {C0FF3071-C992-480A-92EF-4DC63C1DC92B}
		{A92FC684-0C35-430F-90F0-7066FE609A7C} = {C0FF3071-C992-480A-92EF-4DC63C1DC92B}
	EndGlobalSection
EndGlobal
